
Microsoft Visual Studio Solution File, Format Version 12.00
# Visual Studio Version 17
VisualStudioVersion = 17.9.34728.123
MinimumVisualStudioVersion = 10.0.40219.1
Project("{FAE04EC0-301F-11D3-BF4B-00C04F79EFBC}") = "MultiShop", "MultiShop.csproj", "{4DD93AC6-818F-444F-A992-5A5CE2B58268}"
EndProject
Global
	GlobalSection(SolutionConfigurationPlatforms) = preSolution
		Debug|Any CPU = Debug|Any CPU
		Release|Any CPU = Release|Any CPU
	EndGlobalSection
	GlobalSection(ProjectConfigurationPlatforms) = postSolution
		{4DD93AC6-818F-444F-A992-5A5CE2B58268}.Debug|Any CPU.ActiveCfg = Debug|Any CPU
		{4DD93AC6-818F-444F-A992-5A5CE2B58268}.Debug|Any CPU.Build.0 = Debug|Any CPU
		{4DD93AC6-818F-444F-A992-5A5CE2B58268}.Release|Any CPU.ActiveCfg = Release|Any CPU
		{4DD93AC6-818F-444F-A992-5A5CE2B58268}.Release|Any CPU.Build.0 = Release|Any CPU
	EndGlobalSection
	GlobalSection(SolutionProperties) = preSolution
		HideSolutionNode = FALSE
	EndGlobalSection
	GlobalSection(ExtensibilityGlobals) = postSolution
		SolutionGuid = {9FDA02F2-3BE0-4689-8C3A-4EB47513643F}
	EndGlobalSection
EndGlobal
